
Microsoft Visual Studio Solution File, Format Version 12.00
# Visual Studio Version 17
VisualStudioVersion = 17.11.35312.102
MinimumVisualStudioVersion = 10.0.40219.1
Project("{9A19103F-16F7-4668-BE54-9A1E7A4F7556}") = "AmazeCareAPI", "..\..\Backup Projects\AmazeCareAPI (Test)\AmazeCareAPI.csproj", "{F00EC81A-76EA-4C76-91A8-99E1A11F74B7}"
EndProject
Project("{9A19103F-16F7-4668-BE54-9A1E7A4F7556}") = "AmazeCareAPITest", "AmazeCareAPITest\AmazeCareAPITest.csproj", "{C23628C4-779F-49F6-9268-2303F4AD7166}"
EndProject
Global
	GlobalSection(SolutionConfigurationPlatforms) = preSolution
		Debug|Any CPU = Debug|Any CPU
		Release|Any CPU = Release|Any CPU
	EndGlobalSection
	GlobalSection(ProjectConfigurationPlatforms) = postSolution
		{F00EC81A-76EA-4C76-91A8-99E1A11F74B7}.Debug|Any CPU.ActiveCfg = Debug|Any CPU
		{F00EC81A-76EA-4C76-91A8-99E1A11F74B7}.Debug|Any CPU.Build.0 = Debug|Any CPU
		{F00EC81A-76EA-4C76-91A8-99E1A11F74B7}.Release|Any CPU.ActiveCfg = Release|Any CPU
		{F00EC81A-76EA-4C76-91A8-99E1A11F74B7}.Release|Any CPU.Build.0 = Release|Any CPU
		{C23628C4-779F-49F6-9268-2303F4AD7166}.Debug|Any CPU.ActiveCfg = Debug|Any CPU
		{C23628C4-779F-49F6-9268-2303F4AD7166}.Debug|Any CPU.Build.0 = Debug|Any CPU
		{C23628C4-779F-49F6-9268-2303F4AD7166}.Release|Any CPU.ActiveCfg = Release|Any CPU
		{C23628C4-779F-49F6-9268-2303F4AD7166}.Release|Any CPU.Build.0 = Release|Any CPU
	EndGlobalSection
	GlobalSection(SolutionProperties) = preSolution
		HideSolutionNode = FALSE
	EndGlobalSection
	GlobalSection(ExtensibilityGlobals) = postSolution
		SolutionGuid = {A3A7AD5F-2EE5-417B-B9AF-8BFD94451BF6}
	EndGlobalSection
EndGlobal
